
Microsoft Visual Studio Solution File, Format Version 12.00
Project("{FAE04EC0-301F-11D3-BF4B-00C04F79EFBC}") = "DotNetPlayground", "DotNetPlayground\DotNetPlayground.csproj", "{A1DC1EE2-CF5A-4D17-AB78-A2C14DE58306}"
EndProject
Project("{FAE04EC0-301F-11D3-BF4B-00C04F79EFBC}") = "TestPlayground", "TestPlayground\TestPlayground.csproj", "{0E421AAC-AD50-4FB9-8E8C-BC25D07C5C82}"
EndProject
Global
	GlobalSection(SolutionConfigurationPlatforms) = preSolution
		Debug|Any CPU = Debug|Any CPU
		Release|Any CPU = Release|Any CPU
	EndGlobalSection
	GlobalSection(ProjectConfigurationPlatforms) = postSolution
		{A1DC1EE2-CF5A-4D17-AB78-A2C14DE58306}.Debug|Any CPU.ActiveCfg = Debug|Any CPU
		{A1DC1EE2-CF5A-4D17-AB78-A2C14DE58306}.Debug|Any CPU.Build.0 = Debug|Any CPU
		{A1DC1EE2-CF5A-4D17-AB78-A2C14DE58306}.Release|Any CPU.ActiveCfg = Release|Any CPU
		{A1DC1EE2-CF5A-4D17-AB78-A2C14DE58306}.Release|Any CPU.Build.0 = Release|Any CPU
		{0E421AAC-AD50-4FB9-8E8C-BC25D07C5C82}.Debug|Any CPU.ActiveCfg = Debug|Any CPU
		{0E421AAC-AD50-4FB9-8E8C-BC25D07C5C82}.Debug|Any CPU.Build.0 = Debug|Any CPU
		{0E421AAC-AD50-4FB9-8E8C-BC25D07C5C82}.Release|Any CPU.ActiveCfg = Release|Any CPU
		{0E421AAC-AD50-4FB9-8E8C-BC25D07C5C82}.Release|Any CPU.Build.0 = Release|Any CPU
	EndGlobalSection
EndGlobal
